
Microsoft Visual Studio Solution File, Format Version 12.00
# Visual Studio Version 17
VisualStudioVersion = 17.0.32014.148
MinimumVisualStudioVersion = 10.0.40219.1
Project("{FAE04EC0-301F-11D3-BF4B-00C04F79EFBC}") = "webApiEfDemo", "webApiEfDemo\webApiEfDemo.csproj", "{37D1F6ED-463E-4BD6-9090-B468CE91DF89}"
EndProject
Global
	GlobalSection(SolutionConfigurationPlatforms) = preSolution
		Debug|Any CPU = Debug|Any CPU
		Release|Any CPU = Release|Any CPU
	EndGlobalSection
	GlobalSection(ProjectConfigurationPlatforms) = postSolution
		{37D1F6ED-463E-4BD6-9090-B468CE91DF89}.Debug|Any CPU.ActiveCfg = Debug|Any CPU
		{37D1F6ED-463E-4BD6-9090-B468CE91DF89}.Debug|Any CPU.Build.0 = Debug|Any CPU
		{37D1F6ED-463E-4BD6-9090-B468CE91DF89}.Release|Any CPU.ActiveCfg = Release|Any CPU
		{37D1F6ED-463E-4BD6-9090-B468CE91DF89}.Release|Any CPU.Build.0 = Release|Any CPU
	EndGlobalSection
	GlobalSection(SolutionProperties) = preSolution
		HideSolutionNode = FALSE
	EndGlobalSection
	GlobalSection(ExtensibilityGlobals) = postSolution
		SolutionGuid = {B087290E-82B8-4FA5-AB76-5551655CFA76}
	EndGlobalSection
EndGlobal
